
Microsoft Visual Studio Solution File, Format Version 12.00
# Visual Studio Version 16
VisualStudioVersion = 16.0.31729.503
MinimumVisualStudioVersion = 10.0.40219.1
Project("{FAE04EC0-301F-11D3-BF4B-00C04F79EFBC}") = "ConsoleApp numero 2", "ConsoleApp numero 2\ConsoleApp numero 2.csproj", "{1E4FAC01-93E0-4286-AC39-E47142615C8C}"
EndProject
Global
	GlobalSection(SolutionConfigurationPlatforms) = preSolution
		Debug|Any CPU = Debug|Any CPU
		Release|Any CPU = Release|Any CPU
	EndGlobalSection
	GlobalSection(ProjectConfigurationPlatforms) = postSolution
		{1E4FAC01-93E0-4286-AC39-E47142615C8C}.Debug|Any CPU.ActiveCfg = Debug|Any CPU
		{1E4FAC01-93E0-4286-AC39-E47142615C8C}.Debug|Any CPU.Build.0 = Debug|Any CPU
		{1E4FAC01-93E0-4286-AC39-E47142615C8C}.Release|Any CPU.ActiveCfg = Release|Any CPU
		{1E4FAC01-93E0-4286-AC39-E47142615C8C}.Release|Any CPU.Build.0 = Release|Any CPU
	EndGlobalSection
	GlobalSection(SolutionProperties) = preSolution
		HideSolutionNode = FALSE
	EndGlobalSection
	GlobalSection(ExtensibilityGlobals) = postSolution
		SolutionGuid = {EE8D06B6-3AEA-4D80-8B5B-D49C526E81E8}
	EndGlobalSection
EndGlobal
